
Microsoft Visual Studio Solution File, Format Version 12.00
# Visual Studio Version 16
VisualStudioVersion = 16.0.28803.452
MinimumVisualStudioVersion = 15.0.26124.0
Project("{2150E333-8FDC-42A3-9474-1A3956D46DE8}") = "src", "src", "{A488DB85-B38A-48AD-A062-18807F0C9D6B}"
EndProject
Project("{9A19103F-16F7-4668-BE54-9A1E7A4F7556}") = "IdentityServer", "src\IdentityServer\IdentityServer.csproj", "{DD4A29B7-9173-4ECC-BF73-B1353D43DE22}"
EndProject
Project("{9A19103F-16F7-4668-BE54-9A1E7A4F7556}") = "Api", "src\Api\Api.csproj", "{446779CE-55FE-4EB9-A341-E163CDF7D75C}"
EndProject
Project("{9A19103F-16F7-4668-BE54-9A1E7A4F7556}") = "Client", "src\Client\Client.csproj", "{F4ED838F-D4DD-44A1-9BCA-28648723DFAD}"
EndProject
Project("{FAE04EC0-301F-11D3-BF4B-00C04F79EFBC}") = "Website", "src\Website\Website.csproj", "{FC00ABB2-9312-4AC3-AD30-81117569F8CA}"
EndProject
Project("{FAE04EC0-301F-11D3-BF4B-00C04F79EFBC}") = "JavaScriptClient", "src\JavaScriptClient\JavaScriptClient.csproj", "{2B73CCB0-19C2-47B3-9257-0901031736D6}"
EndProject
Global
	GlobalSection(SolutionConfigurationPlatforms) = preSolution
		Debug|Any CPU = Debug|Any CPU
		Debug|x64 = Debug|x64
		Debug|x86 = Debug|x86
		Release|Any CPU = Release|Any CPU
		Release|x64 = Release|x64
		Release|x86 = Release|x86
	EndGlobalSection
	GlobalSection(ProjectConfigurationPlatforms) = postSolution
		{DD4A29B7-9173-4ECC-BF73-B1353D43DE22}.Debug|Any CPU.ActiveCfg = Debug|Any CPU
		{DD4A29B7-9173-4ECC-BF73-B1353D43DE22}.Debug|Any CPU.Build.0 = Debug|Any CPU
		{DD4A29B7-9173-4ECC-BF73-B1353D43DE22}.Debug|x64.ActiveCfg = Debug|Any CPU
		{DD4A29B7-9173-4ECC-BF73-B1353D43DE22}.Debug|x64.Build.0 = Debug|Any CPU
		{DD4A29B7-9173-4ECC-BF73-B1353D43DE22}.Debug|x86.ActiveCfg = Debug|Any CPU
		{DD4A29B7-9173-4ECC-BF73-B1353D43DE22}.Debug|x86.Build.0 = Debug|Any CPU
		{DD4A29B7-9173-4ECC-BF73-B1353D43DE22}.Release|Any CPU.ActiveCfg = Release|Any CPU
		{DD4A29B7-9173-4ECC-BF73-B1353D43DE22}.Release|Any CPU.Build.0 = Release|Any CPU
		{DD4A29B7-9173-4ECC-BF73-B1353D43DE22}.Release|x64.ActiveCfg = Release|Any CPU
		{DD4A29B7-9173-4ECC-BF73-B1353D43DE22}.Release|x64.Build.0 = Release|Any CPU
		{DD4A29B7-9173-4ECC-BF73-B1353D43DE22}.Release|x86.ActiveCfg = Release|Any CPU
		{DD4A29B7-9173-4ECC-BF73-B1353D43DE22}.Release|x86.Build.0 = Release|Any CPU
		{446779CE-55FE-4EB9-A341-E163CDF7D75C}.Debug|Any CPU.ActiveCfg = Debug|Any CPU
		{446779CE-55FE-4EB9-A341-E163CDF7D75C}.Debug|Any CPU.Build.0 = Debug|Any CPU
		{446779CE-55FE-4EB9-A341-E163CDF7D75C}.Debug|x64.ActiveCfg = Debug|Any CPU
		{446779CE-55FE-4EB9-A341-E163CDF7D75C}.Debug|x64.Build.0 = Debug|Any CPU
		{446779CE-55FE-4EB9-A341-E163CDF7D75C}.Debug|x86.ActiveCfg = Debug|Any CPU
		{446779CE-55FE-4EB9-A341-E163CDF7D75C}.Debug|x86.Build.0 = Debug|Any CPU
		{446779CE-55FE-4EB9-A341-E163CDF7D75C}.Release|Any CPU.ActiveCfg = Release|Any CPU
		{446779CE-55FE-4EB9-A341-E163CDF7D75C}.Release|Any CPU.Build.0 = Release|Any CPU
		{446779CE-55FE-4EB9-A341-E163CDF7D75C}.Release|x64.ActiveCfg = Release|Any CPU
		{446779CE-55FE-4EB9-A341-E163CDF7D75C}.Release|x64.Build.0 = Release|Any CPU
		{446779CE-55FE-4EB9-A341-E163CDF7D75C}.Release|x86.ActiveCfg = Release|Any CPU
		{446779CE-55FE-4EB9-A341-E163CDF7D75C}.Release|x86.Build.0 = Release|Any CPU
		{F4ED838F-D4DD-44A1-9BCA-28648723DFAD}.Debug|Any CPU.ActiveCfg = Debug|Any CPU
		{F4ED838F-D4DD-44A1-9BCA-28648723DFAD}.Debug|Any CPU.Build.0 = Debug|Any CPU
		{F4ED838F-D4DD-44A1-9BCA-28648723DFAD}.Debug|x64.ActiveCfg = Debug|Any CPU
		{F4ED838F-D4DD-44A1-9BCA-28648723DFAD}.Debug|x64.Build.0 = Debug|Any CPU
		{F4ED838F-D4DD-44A1-9BCA-28648723DFAD}.Debug|x86.ActiveCfg = Debug|Any CPU
		{F4ED838F-D4DD-44A1-9BCA-28648723DFAD}.Debug|x86.Build.0 = Debug|Any CPU
		{F4ED838F-D4DD-44A1-9BCA-28648723DFAD}.Release|Any CPU.ActiveCfg = Release|Any CPU
		{F4ED838F-D4DD-44A1-9BCA-28648723DFAD}.Release|Any CPU.Build.0 = Release|Any CPU
		{F4ED838F-D4DD-44A1-9BCA-28648723DFAD}.Release|x64.ActiveCfg = Release|Any CPU
		{F4ED838F-D4DD-44A1-9BCA-28648723DFAD}.Release|x64.Build.0 = Release|Any CPU
		{F4ED838F-D4DD-44A1-9BCA-28648723DFAD}.Release|x86.ActiveCfg = Release|Any CPU
		{F4ED838F-D4DD-44A1-9BCA-28648723DFAD}.Release|x86.Build.0 = Release|Any CPU
		{FC00ABB2-9312-4AC3-AD30-81117569F8CA}.Debug|Any CPU.ActiveCfg = Debug|Any CPU
		{FC00ABB2-9312-4AC3-AD30-81117569F8CA}.Debug|Any CPU.Build.0 = Debug|Any CPU
		{FC00ABB2-9312-4AC3-AD30-81117569F8CA}.Debug|x64.ActiveCfg = Debug|Any CPU
		{FC00ABB2-9312-4AC3-AD30-81117569F8CA}.Debug|x64.Build.0 = Debug|Any CPU
		{FC00ABB2-9312-4AC3-AD30-81117569F8CA}.Debug|x86.ActiveCfg = Debug|Any CPU
		{FC00ABB2-9312-4AC3-AD30-81117569F8CA}.Debug|x86.Build.0 = Debug|Any CPU
		{FC00ABB2-9312-4AC3-AD30-81117569F8CA}.Release|Any CPU.ActiveCfg = Release|Any CPU
		{FC00ABB2-9312-4AC3-AD30-81117569F8CA}.Release|Any CPU.Build.0 = Release|Any CPU
		{FC00ABB2-9312-4AC3-AD30-81117569F8CA}.Release|x64.ActiveCfg = Release|Any CPU
		{FC00ABB2-9312-4AC3-AD30-81117569F8CA}.Release|x64.Build.0 = Release|Any CPU
		{FC00ABB2-9312-4AC3-AD30-81117569F8CA}.Release|x86.ActiveCfg = Release|Any CPU
		{FC00ABB2-9312-4AC3-AD30-81117569F8CA}.Release|x86.Build.0 = Release|Any CPU
		{2B73CCB0-19C2-47B3-9257-0901031736D6}.Debug|Any CPU.ActiveCfg = Debug|Any CPU
		{2B73CCB0-19C2-47B3-9257-0901031736D6}.Debug|Any CPU.Build.0 = Debug|Any CPU
		{2B73CCB0-19C2-47B3-9257-0901031736D6}.Debug|x64.ActiveCfg = Debug|Any CPU
		{2B73CCB0-19C2-47B3-9257-0901031736D6}.Debug|x64.Build.0 = Debug|Any CPU
		{2B73CCB0-19C2-47B3-9257-0901031736D6}.Debug|x86.ActiveCfg = Debug|Any CPU
		{2B73CCB0-19C2-47B3-9257-0901031736D6}.Debug|x86.Build.0 = Debug|Any CPU
		{2B73CCB0-19C2-47B3-9257-0901031736D6}.Release|Any CPU.ActiveCfg = Release|Any CPU
		{2B73CCB0-19C2-47B3-9257-0901031736D6}.Release|Any CPU.Build.0 = Release|Any CPU
		{2B73CCB0-19C2-47B3-9257-0901031736D6}.Release|x64.ActiveCfg = Release|Any CPU
		{2B73CCB0-19C2-47B3-9257-0901031736D6}.Release|x64.Build.0 = Release|Any CPU
		{2B73CCB0-19C2-47B3-9257-0901031736D6}.Release|x86.ActiveCfg = Release|Any CPU
		{2B73CCB0-19C2-47B3-9257-0901031736D6}.Release|x86.Build.0 = Release|Any CPU
	EndGlobalSection
	GlobalSection(SolutionProperties) = preSolution
		HideSolutionNode = FALSE
	EndGlobalSection
	GlobalSection(NestedProjects) = preSolution
		{DD4A29B7-9173-4ECC-BF73-B1353D43DE22} = {A488DB85-B38A-48AD-A062-18807F0C9D6B}
		{446779CE-55FE-4EB9-A341-E163CDF7D75C} = {A488DB85-B38A-48AD-A062-18807F0C9D6B}
		{F4ED838F-D4DD-44A1-9BCA-28648723DFAD} = {A488DB85-B38A-48AD-A062-18807F0C9D6B}
		{FC00ABB2-9312-4AC3-AD30-81117569F8CA} = {A488DB85-B38A-48AD-A062-18807F0C9D6B}
		{2B73CCB0-19C2-47B3-9257-0901031736D6} = {A488DB85-B38A-48AD-A062-18807F0C9D6B}
	EndGlobalSection
	GlobalSection(ExtensibilityGlobals) = postSolution
		SolutionGuid = {9BF1054D-6354-4222-A57F-DCA719587087}
	EndGlobalSection
EndGlobal
